github.com/libdns/libdns v0.2.1 h1:Wu59T7wSHRgtA0cfxC+n1c/e+O3upJGWytknkmFEDis=
github.com/libdns/libdns v0.2.1/go.mod h1:yQCXzk1lEZmmCPa857bnk4TsOiqYasqpyOEeSObbb40=
github.com/tencentcloud/tencentcloud-sdk-go/tencentcloud/common v1.0.597 h1:C0GHdLTfikLVoEzfhgPfrZ7LwlG0xiCmk6iwNKE+xs0=
github.com/tencentcloud/tencentcloud-sdk-go/tencentcloud/common v1.0.597/go.mod h1:7sCQWVkxcsR38nffDW057DRGk8mUjK1Ing/EFOK8s8Y=
